
Microsoft Visual Studio Solution File, Format Version 12.00
# Visual Studio Version 17
VisualStudioVersion = 17.5.33530.505
MinimumVisualStudioVersion = 10.0.40219.1
Project("{FAE04EC0-301F-11D3-BF4B-00C04F79EFBC}") = "FastFoodRestaurant", "FastFoodRestaurant\FastFoodRestaurant.csproj", "{50E83094-D9BE-44F8-8E90-EEA1C01F01F0}"
EndProject
Global
	GlobalSection(SolutionConfigurationPlatforms) = preSolution
		Debug|Any CPU = Debug|Any CPU
		Release|Any CPU = Release|Any CPU
	EndGlobalSection
	GlobalSection(ProjectConfigurationPlatforms) = postSolution
		{50E83094-D9BE-44F8-8E90-EEA1C01F01F0}.Debug|Any CPU.ActiveCfg = Debug|Any CPU
		{50E83094-D9BE-44F8-8E90-EEA1C01F01F0}.Debug|Any CPU.Build.0 = Debug|Any CPU
		{50E83094-D9BE-44F8-8E90-EEA1C01F01F0}.Release|Any CPU.ActiveCfg = Release|Any CPU
		{50E83094-D9BE-44F8-8E90-EEA1C01F01F0}.Release|Any CPU.Build.0 = Release|Any CPU
	EndGlobalSection
	GlobalSection(SolutionProperties) = preSolution
		HideSolutionNode = FALSE
	EndGlobalSection
	GlobalSection(ExtensibilityGlobals) = postSolution
		SolutionGuid = {943364ED-1941-4593-B253-C404D1D9E710}
	EndGlobalSection
EndGlobal
